
Microsoft Visual Studio Solution File, Format Version 12.00
# Visual Studio Version 17
VisualStudioVersion = 17.0.31903.59
MinimumVisualStudioVersion = 10.0.40219.1
Project("{FAE04EC0-301F-11D3-BF4B-00C04F79EFBC}") = "Задание 16", "Задание 16\Задание 16.csproj", "{1C786C61-2208-4216-8F70-6DBE0AF67EB2}"
EndProject
Project("{FAE04EC0-301F-11D3-BF4B-00C04F79EFBC}") = "Задание 16.2", "Задание 16.2\Задание 16.2.csproj", "{E5C36A93-C9ED-46B0-83CA-686BDABCBE83}"
EndProject
Global
	GlobalSection(SolutionConfigurationPlatforms) = preSolution
		Debug|Any CPU = Debug|Any CPU
		Release|Any CPU = Release|Any CPU
	EndGlobalSection
	GlobalSection(ProjectConfigurationPlatforms) = postSolution
		{1C786C61-2208-4216-8F70-6DBE0AF67EB2}.Debug|Any CPU.ActiveCfg = Debug|Any CPU
		{1C786C61-2208-4216-8F70-6DBE0AF67EB2}.Debug|Any CPU.Build.0 = Debug|Any CPU
		{1C786C61-2208-4216-8F70-6DBE0AF67EB2}.Release|Any CPU.ActiveCfg = Release|Any CPU
		{1C786C61-2208-4216-8F70-6DBE0AF67EB2}.Release|Any CPU.Build.0 = Release|Any CPU
		{E5C36A93-C9ED-46B0-83CA-686BDABCBE83}.Debug|Any CPU.ActiveCfg = Debug|Any CPU
		{E5C36A93-C9ED-46B0-83CA-686BDABCBE83}.Debug|Any CPU.Build.0 = Debug|Any CPU
		{E5C36A93-C9ED-46B0-83CA-686BDABCBE83}.Release|Any CPU.ActiveCfg = Release|Any CPU
		{E5C36A93-C9ED-46B0-83CA-686BDABCBE83}.Release|Any CPU.Build.0 = Release|Any CPU
	EndGlobalSection
	GlobalSection(SolutionProperties) = preSolution
		HideSolutionNode = FALSE
	EndGlobalSection
	GlobalSection(ExtensibilityGlobals) = postSolution
		SolutionGuid = {0B2C2297-1333-4F36-AE5E-4BA2B19AB65E}
	EndGlobalSection
EndGlobal
